// !$*UTF8*$!
{
	archiveVersion = 1;
	classes = {
	};
	objectVersion = 51;
	objects = {

/* Begin PBXBuildFile section */
		2F0DE98F262F7E35005F64E7 /* Level2TableViewCell.swift in Sources */ = {isa = PBXBuildFile; fileRef = 2F0DE98D262F7E35005F64E7 /* Level2TableViewCell.swift */; };
		2F0DE990262F7E35005F64E7 /* Level2TableViewCell.xib in Resources */ = {isa = PBXBuildFile; fileRef = 2F0DE98E262F7E35005F64E7 /* Level2TableViewCell.xib */; };
		2F0DE999262F7EB3005F64E7 /* Level4TableViewCell.swift in Sources */ = {isa = PBXBuildFile; fileRef = 2F0DE997262F7EB3005F64E7 /* Level4TableViewCell.swift */; };
		2F0DE99A262F7EB3005F64E7 /* Level4TableViewCell.xib in Resources */ = {isa = PBXBuildFile; fileRef = 2F0DE998262F7EB3005F64E7 /* Level4TableViewCell.xib */; };
		2F0DE99E262F7EC3005F64E7 /* Level5TableViewCell.swift in Sources */ = {isa = PBXBuildFile; fileRef = 2F0DE99C262F7EC3005F64E7 /* Level5TableViewCell.swift */; };
		2F0DE99F262F7EC3005F64E7 /* Level5TableViewCell.xib in Resources */ = {isa = PBXBuildFile; fileRef = 2F0DE99D262F7EC3005F64E7 /* Level5TableViewCell.xib */; };
		2F0DE9A5262F822F005F64E7 /* Level3TableViewCell.swift in Sources */ = {isa = PBXBuildFile; fileRef = 2F0DE9A3262F822F005F64E7 /* Level3TableViewCell.swift */; };
		2F0DE9A6262F822F005F64E7 /* Level3TableViewCell.xib in Resources */ = {isa = PBXBuildFile; fileRef = 2F0DE9A4262F822F005F64E7 /* Level3TableViewCell.xib */; };
		2F27EEF1262CE7B500B1478B /* LoginViewController.swift in Sources */ = {isa = PBXBuildFile; fileRef = 2F27EEF0262CE7B500B1478B /* LoginViewController.swift */; };
		2F27EEF4262CFAE700B1478B /* InformationViewController.swift in Sources */ = {isa = PBXBuildFile; fileRef = 2F27EEF3262CFAE700B1478B /* InformationViewController.swift */; };
		2F27EEF7262CFEEC00B1478B /* LevelsViewController.swift in Sources */ = {isa = PBXBuildFile; fileRef = 2F27EEF6262CFEEC00B1478B /* LevelsViewController.swift */; };
		2F27EEFA262CFF0600B1478B /* Level1ViewController.swift in Sources */ = {isa = PBXBuildFile; fileRef = 2F27EEF9262CFF0600B1478B /* Level1ViewController.swift */; };
		2F27EEFD262E0A0E00B1478B /* Level2ViewController.swift in Sources */ = {isa = PBXBuildFile; fileRef = 2F27EEFC262E0A0E00B1478B /* Level2ViewController.swift */; };
		2F27EF00262E0A4700B1478B /* Level3ViewController.swift in Sources */ = {isa = PBXBuildFile; fileRef = 2F27EEFF262E0A4700B1478B /* Level3ViewController.swift */; };
		2F27EF03262E0AA000B1478B /* Level4ViewController.swift in Sources */ = {isa = PBXBuildFile; fileRef = 2F27EF02262E0AA000B1478B /* Level4ViewController.swift */; };
		2F27EF06262E0ADF00B1478B /* Level5ViewController.swift in Sources */ = {isa = PBXBuildFile; fileRef = 2F27EF05262E0ADF00B1478B /* Level5ViewController.swift */; };
		2F27EF0A262E1A8700B1478B /* Level1TableViewCell.swift in Sources */ = {isa = PBXBuildFile; fileRef = 2F27EF08262E1A8700B1478B /* Level1TableViewCell.swift */; };
		2F27EF0B262E1A8700B1478B /* Level1TableViewCell.xib in Resources */ = {isa = PBXBuildFile; fileRef = 2F27EF09262E1A8700B1478B /* Level1TableViewCell.xib */; };
		2F27EF0E262E1DC900B1478B /* constants.swift in Sources */ = {isa = PBXBuildFile; fileRef = 2F27EF0D262E1DC900B1478B /* constants.swift */; };
		2F30DBF3263245C000D5475F /* UserLevelInfoModel.swift in Sources */ = {isa = PBXBuildFile; fileRef = 2F30DBF2263245C000D5475F /* UserLevelInfoModel.swift */; };
		2F4BDA287F91B7F4219B6DF2 /* Pods_WordGuessingGame.framework in Frameworks */ = {isa = PBXBuildFile; fileRef = 018AE74407A81FEE3778B5E7 /* Pods_WordGuessingGame.framework */; };
		2F751E48262CCD4800F937C7 /* AppDelegate.swift in Sources */ = {isa = PBXBuildFile; fileRef = 2F751E47262CCD4800F937C7 /* AppDelegate.swift */; };
		2F751E4A262CCD4800F937C7 /* SceneDelegate.swift in Sources */ = {isa = PBXBuildFile; fileRef = 2F751E49262CCD4800F937C7 /* SceneDelegate.swift */; };
		2F751E4F262CCD4800F937C7 /* Main.storyboard in Resources */ = {isa = PBXBuildFile; fileRef = 2F751E4D262CCD4800F937C7 /* Main.storyboard */; };
		2F751E51262CCD4900F937C7 /* Assets.xcassets in Resources */ = {isa = PBXBuildFile; fileRef = 2F751E50262CCD4900F937C7 /* Assets.xcassets */; };
		2F751E54262CCD4900F937C7 /* LaunchScreen.storyboard in Resources */ = {isa = PBXBuildFile; fileRef = 2F751E52262CCD4900F937C7 /* LaunchScreen.storyboard */; };
		2F751E5E262CDB7C00F937C7 /* GoogleService-Info.plist in Resources */ = {isa = PBXBuildFile; fileRef = 2F751E5D262CDB7C00F937C7 /* GoogleService-Info.plist */; };
		2F751E7F262CE14D00F937C7 /* Utilities.swift in Sources */ = {isa = PBXBuildFile; fileRef = 2F751E7E262CE14D00F937C7 /* Utilities.swift */; };
		2F751E83262CE17100F937C7 /* KeychainService.swift in Sources */ = {isa = PBXBuildFile; fileRef = 2F751E82262CE17100F937C7 /* KeychainService.swift */; };
		2F8ADC4726314DD500C5E857 /* RegisterViewController.swift in Sources */ = {isa = PBXBuildFile; fileRef = 2F8ADC4626314DD500C5E857 /* RegisterViewController.swift */; };
/* End PBXBuildFile section */

/* Begin PBXFileReference section */
		018AE74407A81FEE3778B5E7 /* Pods_WordGuessingGame.framework */ = {isa = PBXFileReference; explicitFileType = wrapper.framework; includeInIndex = 0; path = Pods_WordGuessingGame.framework; sourceTree = BUILT_PRODUCTS_DIR; };
		2F0DE98D262F7E35005F64E7 /* Level2TableViewCell.swift */ = {isa = PBXFileReference; lastKnownFileType = sourcecode.swift; path = Level2TableViewCell.swift; sourceTree = "<group>"; };
		2F0DE98E262F7E35005F64E7 /* Level2TableViewCell.xib */ = {isa = PBXFileReference; lastKnownFileType = file.xib; path = Level2TableViewCell.xib; sourceTree = "<group>"; };
		2F0DE997262F7EB3005F64E7 /* Level4TableViewCell.swift */ = {isa = PBXFileReference; lastKnownFileType = sourcecode.swift; path = Level4TableViewCell.swift; sourceTree = "<group>"; };
		2F0DE998262F7EB3005F64E7 /* Level4TableViewCell.xib */ = {isa = PBXFileReference; lastKnownFileType = file.xib; path = Level4TableViewCell.xib; sourceTree = "<group>"; };
		2F0DE99C262F7EC3005F64E7 /* Level5TableViewCell.swift */ = {isa = PBXFileReference; lastKnownFileType = sourcecode.swift; path = Level5TableViewCell.swift; sourceTree = "<group>"; };
		2F0DE99D262F7EC3005F64E7 /* Level5TableViewCell.xib */ = {isa = PBXFileReference; lastKnownFileType = file.xib; path = Level5TableViewCell.xib; sourceTree = "<group>"; };
		2F0DE9A3262F822F005F64E7 /* Level3TableViewCell.swift */ = {isa = PBXFileReference; lastKnownFileType = sourcecode.swift; path = Level3TableViewCell.swift; sourceTree = "<group>"; };
		2F0DE9A4262F822F005F64E7 /* Level3TableViewCell.xib */ = {isa = PBXFileReference; lastKnownFileType = file.xib; path = Level3TableViewCell.xib; sourceTree = "<group>"; };
		2F27EEF0262CE7B500B1478B /* LoginViewController.swift */ = {isa = PBXFileReference; lastKnownFileType = sourcecode.swift; path = LoginViewController.swift; sourceTree = "<group>"; };
		2F27EEF3262CFAE700B1478B /* InformationViewController.swift */ = {isa = PBXFileReference; lastKnownFileType = sourcecode.swift; path = InformationViewController.swift; sourceTree = "<group>"; };
		2F27EEF6262CFEEC00B1478B /* LevelsViewController.swift */ = {isa = PBXFileReference; lastKnownFileType = sourcecode.swift; path = LevelsViewController.swift; sourceTree = "<group>"; };
		2F27EEF9262CFF0600B1478B /* Level1ViewController.swift */ = {isa = PBXFileReference; lastKnownFileType = sourcecode.swift; path = Level1ViewController.swift; sourceTree = "<group>"; };
		2F27EEFC262E0A0E00B1478B /* Level2ViewController.swift */ = {isa = PBXFileReference; lastKnownFileType = sourcecode.swift; path = Level2ViewController.swift; sourceTree = "<group>"; };
		2F27EEFF262E0A4700B1478B /* Level3ViewController.swift */ = {isa = PBXFileReference; lastKnownFileType = sourcecode.swift; path = Level3ViewController.swift; sourceTree = "<group>"; };
		2F27EF02262E0AA000B1478B /* Level4ViewController.swift */ = {isa = PBXFileReference; lastKnownFileType = sourcecode.swift; path = Level4ViewController.swift; sourceTree = "<group>"; };
		2F27EF05262E0ADF00B1478B /* Level5ViewController.swift */ = {isa = PBXFileReference; lastKnownFileType = sourcecode.swift; path = Level5ViewController.swift; sourceTree = "<group>"; };
		2F27EF08262E1A8700B1478B /* Level1TableViewCell.swift */ = {isa = PBXFileReference; lastKnownFileType = sourcecode.swift; path = Level1TableViewCell.swift; sourceTree = "<group>"; };
		2F27EF09262E1A8700B1478B /* Level1TableViewCell.xib */ = {isa = PBXFileReference; lastKnownFileType = file.xib; path = Level1TableViewCell.xib; sourceTree = "<group>"; };
		2F27EF0D262E1DC900B1478B /* constants.swift */ = {isa = PBXFileReference; lastKnownFileType = sourcecode.swift; path = constants.swift; sourceTree = "<group>"; };
		2F30DBF2263245C000D5475F /* UserLevelInfoModel.swift */ = {isa = PBXFileReference; lastKnownFileType = sourcecode.swift; path = UserLevelInfoModel.swift; sourceTree = "<group>"; };
		2F751E44262CCD4800F937C7 /* WordGuessingGame.app */ = {isa = PBXFileReference; explicitFileType = wrapper.application; includeInIndex = 0; path = WordGuessingGame.app; sourceTree = BUILT_PRODUCTS_DIR; };
		2F751E47262CCD4800F937C7 /* AppDelegate.swift */ = {isa = PBXFileReference; lastKnownFileType = sourcecode.swift; path = AppDelegate.swift; sourceTree = "<group>"; };
		2F751E49262CCD4800F937C7 /* SceneDelegate.swift */ = {isa = PBXFileReference; lastKnownFileType = sourcecode.swift; path = SceneDelegate.swift; sourceTree = "<group>"; };
		2F751E4E262CCD4800F937C7 /* Base */ = {isa = PBXFileReference; lastKnownFileType = file.storyboard; name = Base; path = Base.lproj/Main.storyboard; sourceTree = "<group>"; };
		2F751E50262CCD4900F937C7 /* Assets.xcassets */ = {isa = PBXFileReference; lastKnownFileType = folder.assetcatalog; path = Assets.xcassets; sourceTree = "<group>"; };
		2F751E53262CCD4900F937C7 /* Base */ = {isa = PBXFileReference; lastKnownFileType = file.storyboard; name = Base; path = Base.lproj/LaunchScreen.storyboard; sourceTree = "<group>"; };
		2F751E55262CCD4900F937C7 /* Info.plist */ = {isa = PBXFileReference; lastKnownFileType = text.plist.xml; path = Info.plist; sourceTree = "<group>"; };
		2F751E5D262CDB7C00F937C7 /* GoogleService-Info.plist */ = {isa = PBXFileReference; fileEncoding = 4; lastKnownFileType = text.plist.xml; name = "GoogleService-Info.plist"; path = "../../../../Downloads/GoogleService-Info.plist"; sourceTree = "<group>"; };
		2F751E7E262CE14D00F937C7 /* Utilities.swift */ = {isa = PBXFileReference; lastKnownFileType = sourcecode.swift; path = Utilities.swift; sourceTree = "<group>"; };
		2F751E82262CE17100F937C7 /* KeychainService.swift */ = {isa = PBXFileReference; lastKnownFileType = sourcecode.swift; path = KeychainService.swift; sourceTree = "<group>"; };
		2F8ADC4626314DD500C5E857 /* RegisterViewController.swift */ = {isa = PBXFileReference; lastKnownFileType = sourcecode.swift; path = RegisterViewController.swift; sourceTree = "<group>"; };
		326A06615A4C24666B6FCA6D /* Pods-WordGuessingGame.debug.xcconfig */ = {isa = PBXFileReference; includeInIndex = 1; lastKnownFileType = text.xcconfig; name = "Pods-WordGuessingGame.debug.xcconfig"; path = "Target Support Files/Pods-WordGuessingGame/Pods-WordGuessingGame.debug.xcconfig"; sourceTree = "<group>"; };
		D4788AE55A7A85318F7C8D56 /* Pods-WordGuessingGame.release.xcconfig */ = {isa = PBXFileReference; includeInIndex = 1; lastKnownFileType = text.xcconfig; name = "Pods-WordGuessingGame.release.xcconfig"; path = "Target Support Files/Pods-WordGuessingGame/Pods-WordGuessingGame.release.xcconfig"; sourceTree = "<group>"; };
/* End PBXFileReference section */

/* Begin PBXFrameworksBuildPhase section */
		2F751E41262CCD4800F937C7 /* Frameworks */ = {
			isa = PBXFrameworksBuildPhase;
			buildActionMask = 2147483647;
			files = (
				2F4BDA287F91B7F4219B6DF2 /* Pods_WordGuessingGame.framework in Frameworks */,
			);
			runOnlyForDeploymentPostprocessing = 0;
		};
/* End PBXFrameworksBuildPhase section */

/* Begin PBXGroup section */
		2F751E3B262CCD4800F937C7 = {
			isa = PBXGroup;
			children = (
				2F751E46262CCD4800F937C7 /* WordGuessingGame */,
				2F751E45262CCD4800F937C7 /* Products */,
				F0F4F406C1BA205916519380 /* Pods */,
				604CEE6870DB3436B8B39C83 /* Frameworks */,
			);
			sourceTree = "<group>";
		};
		2F751E45262CCD4800F937C7 /* Products */ = {
			isa = PBXGroup;
			children = (
				2F751E44262CCD4800F937C7 /* WordGuessingGame.app */,
			);
			name = Products;
			sourceTree = "<group>";
		};
		2F751E46262CCD4800F937C7 /* WordGuessingGame */ = {
			isa = PBXGroup;
			children = (
				2FD8D29026391E4B00815C1D /* TableViewCells */,
				2FD8D28F26391E3F00815C1D /* ViewControllers */,
				2FD8D28C26390F9000815C1D /* Model */,
				2F751E7D262CE12700F937C7 /* Utilities */,
				2F751E47262CCD4800F937C7 /* AppDelegate.swift */,
				2F751E49262CCD4800F937C7 /* SceneDelegate.swift */,
				2F27EF0D262E1DC900B1478B /* constants.swift */,
				2F751E4D262CCD4800F937C7 /* Main.storyboard */,
				2F751E50262CCD4900F937C7 /* Assets.xcassets */,
				2F751E52262CCD4900F937C7 /* LaunchScreen.storyboard */,
				2F751E55262CCD4900F937C7 /* Info.plist */,
				2F751E5D262CDB7C00F937C7 /* GoogleService-Info.plist */,
			);
			path = WordGuessingGame;
			sourceTree = "<group>";
		};
		2F751E7D262CE12700F937C7 /* Utilities */ = {
			isa = PBXGroup;
			children = (
				2F751E7E262CE14D00F937C7 /* Utilities.swift */,
				2F751E82262CE17100F937C7 /* KeychainService.swift */,
			);
			path = Utilities;
			sourceTree = "<group>";
		};
		2FD8D28C26390F9000815C1D /* Model */ = {
			isa = PBXGroup;
			children = (
				2F30DBF2263245C000D5475F /* UserLevelInfoModel.swift */,
			);
			path = Model;
			sourceTree = "<group>";
		};
		2FD8D28F26391E3F00815C1D /* ViewControllers */ = {
			isa = PBXGroup;
			children = (
				2F8ADC4626314DD500C5E857 /* RegisterViewController.swift */,
				2F27EEF0262CE7B500B1478B /* LoginViewController.swift */,
				2F27EEF3262CFAE700B1478B /* InformationViewController.swift */,
				2F27EEF6262CFEEC00B1478B /* LevelsViewController.swift */,
				2F27EEF9262CFF0600B1478B /* Level1ViewController.swift */,
				2F27EEFC262E0A0E00B1478B /* Level2ViewController.swift */,
				2F27EEFF262E0A4700B1478B /* Level3ViewController.swift */,
				2F27EF02262E0AA000B1478B /* Level4ViewController.swift */,
				2F27EF05262E0ADF00B1478B /* Level5ViewController.swift */,
			);
			path = ViewControllers;
			sourceTree = "<group>";
		};
		2FD8D29026391E4B00815C1D /* TableViewCells */ = {
			isa = PBXGroup;
			children = (
				2F27EF08262E1A8700B1478B /* Level1TableViewCell.swift */,
				2F27EF09262E1A8700B1478B /* Level1TableViewCell.xib */,
				2F0DE98D262F7E35005F64E7 /* Level2TableViewCell.swift */,
				2F0DE98E262F7E35005F64E7 /* Level2TableViewCell.xib */,
				2F0DE9A3262F822F005F64E7 /* Level3TableViewCell.swift */,
				2F0DE9A4262F822F005F64E7 /* Level3TableViewCell.xib */,
				2F0DE997262F7EB3005F64E7 /* Level4TableViewCell.swift */,
				2F0DE998262F7EB3005F64E7 /* Level4TableViewCell.xib */,
				2F0DE99C262F7EC3005F64E7 /* Level5TableViewCell.swift */,
				2F0DE99D262F7EC3005F64E7 /* Level5TableViewCell.xib */,
			);
			path = TableViewCells;
			sourceTree = "<group>";
		};
		604CEE6870DB3436B8B39C83 /* Frameworks */ = {
			isa = PBXGroup;
			children = (
				018AE74407A81FEE3778B5E7 /* Pods_WordGuessingGame.framework */,
			);
			name = Frameworks;
			sourceTree = "<group>";
		};
		F0F4F406C1BA205916519380 /* Pods */ = {
			isa = PBXGroup;
			children = (
				326A06615A4C24666B6FCA6D /* Pods-WordGuessingGame.debug.xcconfig */,
				D4788AE55A7A85318F7C8D56 /* Pods-WordGuessingGame.release.xcconfig */,
			);
			path = Pods;
			sourceTree = "<group>";
		};
/* End PBXGroup section */

/* Begin PBXNativeTarget section */
		2F751E43262CCD4800F937C7 /* WordGuessingGame */ = {
			isa = PBXNativeTarget;
			buildConfigurationList = 2F751E58262CCD4900F937C7 /* Build configuration list for PBXNativeTarget "WordGuessingGame" */;
			buildPhases = (
				31E78FC02F47EFCE69CD52C9 /* [CP] Check Pods Manifest.lock */,
				2F751E40262CCD4800F937C7 /* Sources */,
				2F751E41262CCD4800F937C7 /* Frameworks */,
				2F751E42262CCD4800F937C7 /* Resources */,
				EA9DC7A80E410050C1EB5FB1 /* [CP] Embed Pods Frameworks */,
			);
			buildRules = (
			);
			dependencies = (
			);
			name = WordGuessingGame;
			productName = WordGuessingGame;
			productReference = 2F751E44262CCD4800F937C7 /* WordGuessingGame.app */;
			productType = "com.apple.product-type.application";
		};
/* End PBXNativeTarget section */

/* Begin PBXProject section */
		2F751E3C262CCD4800F937C7 /* Project object */ = {
			isa = PBXProject;
			attributes = {
				LastSwiftUpdateCheck = 1240;
				LastUpgradeCheck = 1240;
				TargetAttributes = {
					2F751E43262CCD4800F937C7 = {
						CreatedOnToolsVersion = 12.4;
					};
				};
			};
			buildConfigurationList = 2F751E3F262CCD4800F937C7 /* Build configuration list for PBXProject "WordGuessingGame" */;
			compatibilityVersion = "Xcode 9.3";
			developmentRegion = en;
			hasScannedForEncodings = 0;
			knownRegions = (
				en,
				Base,
			);
			mainGroup = 2F751E3B262CCD4800F937C7;
			productRefGroup = 2F751E45262CCD4800F937C7 /* Products */;
			projectDirPath = "";
			projectRoot = "";
			targets = (
				2F751E43262CCD4800F937C7 /* WordGuessingGame */,
			);
		};
/* End PBXProject section */

/* Begin PBXResourcesBuildPhase section */
		2F751E42262CCD4800F937C7 /* Resources */ = {
			isa = PBXResourcesBuildPhase;
			buildActionMask = 2147483647;
			files = (
				2F751E54262CCD4900F937C7 /* LaunchScreen.storyboard in Resources */,
				2F0DE99F262F7EC3005F64E7 /* Level5TableViewCell.xib in Resources */,
				2F0DE990262F7E35005F64E7 /* Level2TableViewCell.xib in Resources */,
				2F27EF0B262E1A8700B1478B /* Level1TableViewCell.xib in Resources */,
				2F751E5E262CDB7C00F937C7 /* GoogleService-Info.plist in Resources */,
				2F0DE9A6262F822F005F64E7 /* Level3TableViewCell.xib in Resources */,
				2F751E51262CCD4900F937C7 /* Assets.xcassets in Resources */,
				2F751E4F262CCD4800F937C7 /* Main.storyboard in Resources */,
				2F0DE99A262F7EB3005F64E7 /* Level4TableViewCell.xib in Resources */,
			);
			runOnlyForDeploymentPostprocessing = 0;
		};
/* End PBXResourcesBuildPhase section */

/* Begin PBXShellScriptBuildPhase section */
		31E78FC02F47EFCE69CD52C9 /* [CP] Check Pods Manifest.lock */ = {
			isa = PBXShellScriptBuildPhase;
			buildActionMask = 2147483647;
			files = (
			);
			inputFileListPaths = (
			);
			inputPaths = (
				"${PODS_PODFILE_DIR_PATH}/Podfile.lock",
				"${PODS_ROOT}/Manifest.lock",
			);
			name = "[CP] Check Pods Manifest.lock";
			outputFileListPaths = (
			);
			outputPaths = (
				"$(DERIVED_FILE_DIR)/Pods-WordGuessingGame-checkManifestLockResult.txt",
			);
			runOnlyForDeploymentPostprocessing = 0;
			shellPath = /bin/sh;
			shellScript = "diff \"${PODS_PODFILE_DIR_PATH}/Podfile.lock\" \"${PODS_ROOT}/Manifest.lock\" > /dev/null\nif [ $? != 0 ] ; then\n    # print error to STDERR\n    echo \"error: The sandbox is not in sync with the Podfile.lock. Run 'pod install' or update your CocoaPods installation.\" >&2\n    exit 1\nfi\n# This output is used by Xcode 'outputs' to avoid re-running this script phase.\necho \"SUCCESS\" > \"${SCRIPT_OUTPUT_FILE_0}\"\n";
			showEnvVarsInLog = 0;
		};
		EA9DC7A80E410050C1EB5FB1 /* [CP] Embed Pods Frameworks */ = {
			isa = PBXShellScriptBuildPhase;
			buildActionMask = 2147483647;
			files = (
			);
			inputFileListPaths = (
				"${PODS_ROOT}/Target Support Files/Pods-WordGuessingGame/Pods-WordGuessingGame-frameworks-${CONFIGURATION}-input-files.xcfilelist",
			);
			name = "[CP] Embed Pods Frameworks";
			outputFileListPaths = (
				"${PODS_ROOT}/Target Support Files/Pods-WordGuessingGame/Pods-WordGuessingGame-frameworks-${CONFIGURATION}-output-files.xcfilelist",
			);
			runOnlyForDeploymentPostprocessing = 0;
			shellPath = /bin/sh;
			shellScript = "\"${PODS_ROOT}/Target Support Files/Pods-WordGuessingGame/Pods-WordGuessingGame-frameworks.sh\"\n";
			showEnvVarsInLog = 0;
		};
/* End PBXShellScriptBuildPhase section */

/* Begin PBXSourcesBuildPhase section */
		2F751E40262CCD4800F937C7 /* Sources */ = {
			isa = PBXSourcesBuildPhase;
			buildActionMask = 2147483647;
			files = (
				2F0DE999262F7EB3005F64E7 /* Level4TableViewCell.swift in Sources */,
				2F27EEF1262CE7B500B1478B /* LoginViewController.swift in Sources */,
				2F27EF03262E0AA000B1478B /* Level4ViewController.swift in Sources */,
				2F27EF0A262E1A8700B1478B /* Level1TableViewCell.swift in Sources */,
				2F8ADC4726314DD500C5E857 /* RegisterViewController.swift in Sources */,
				2F27EF0E262E1DC900B1478B /* constants.swift in Sources */,
				2F0DE98F262F7E35005F64E7 /* Level2TableViewCell.swift in Sources */,
				2F30DBF3263245C000D5475F /* UserLevelInfoModel.swift in Sources */,
				2F0DE9A5262F822F005F64E7 /* Level3TableViewCell.swift in Sources */,
				2F751E48262CCD4800F937C7 /* AppDelegate.swift in Sources */,
				2F751E7F262CE14D00F937C7 /* Utilities.swift in Sources */,
				2F751E83262CE17100F937C7 /* KeychainService.swift in Sources */,
				2F27EEFD262E0A0E00B1478B /* Level2ViewController.swift in Sources */,
				2F27EEF7262CFEEC00B1478B /* LevelsViewController.swift in Sources */,
				2F27EEFA262CFF0600B1478B /* Level1ViewController.swift in Sources */,
				2F751E4A262CCD4800F937C7 /* SceneDelegate.swift in Sources */,
				2F0DE99E262F7EC3005F64E7 /* Level5TableViewCell.swift in Sources */,
				2F27EF06262E0ADF00B1478B /* Level5ViewController.swift in Sources */,
				2F27EEF4262CFAE700B1478B /* InformationViewController.swift in Sources */,
				2F27EF00262E0A4700B1478B /* Level3ViewController.swift in Sources */,
			);
			runOnlyForDeploymentPostprocessing = 0;
		};
/* End PBXSourcesBuildPhase section */

/* Begin PBXVariantGroup section */
		2F751E4D262CCD4800F937C7 /* Main.storyboard */ = {
			isa = PBXVariantGroup;
			children = (
				2F751E4E262CCD4800F937C7 /* Base */,
			);
			name = Main.storyboard;
			sourceTree = "<group>";
		};
		2F751E52262CCD4900F937C7 /* LaunchScreen.storyboard */ = {
			isa = PBXVariantGroup;
			children = (
				2F751E53262CCD4900F937C7 /* Base */,
			);
			name = LaunchScreen.storyboard;
			sourceTree = "<group>";
		};
/* End PBXVariantGroup section */

/* Begin XCBuildConfiguration section */
		2F751E56262CCD4900F937C7 /* Debug */ = {
			isa = XCBuildConfiguration;
			buildSettings = {
				ALWAYS_SEARCH_USER_PATHS = NO;
				CLANG_ANALYZER_NONNULL = YES;
				CLANG_ANALYZER_NUMBER_OBJECT_CONVERSION = YES_AGGRESSIVE;
				CLANG_CXX_LANGUAGE_STANDARD = "gnu++14";
				CLANG_CXX_LIBRARY = "libc++";
				CLANG_ENABLE_MODULES = YES;
				CLANG_ENABLE_OBJC_ARC = YES;
				CLANG_ENABLE_OBJC_WEAK = YES;
				CLANG_WARN_BLOCK_CAPTURE_AUTORELEASING = YES;
				CLANG_WARN_BOOL_CONVERSION = YES;
				CLANG_WARN_COMMA = YES;
				CLANG_WARN_CONSTANT_CONVERSION = YES;
				CLANG_WARN_DEPRECATED_OBJC_IMPLEMENTATIONS = YES;
				CLANG_WARN_DIRECT_OBJC_ISA_USAGE = YES_ERROR;
				CLANG_WARN_DOCUMENTATION_COMMENTS = YES;
				CLANG_WARN_EMPTY_BODY = YES;
				CLANG_WARN_ENUM_CONVERSION = YES;
				CLANG_WARN_INFINITE_RECURSION = YES;
				CLANG_WARN_INT_CONVERSION = YES;
				CLANG_WARN_NON_LITERAL_NULL_CONVERSION = YES;
				CLANG_WARN_OBJC_IMPLICIT_RETAIN_SELF = YES;
				CLANG_WARN_OBJC_LITERAL_CONVERSION = YES;
				CLANG_WARN_OBJC_ROOT_CLASS = YES_ERROR;
				CLANG_WARN_QUOTED_INCLUDE_IN_FRAMEWORK_HEADER = YES;
				CLANG_WARN_RANGE_LOOP_ANALYSIS = YES;
				CLANG_WARN_STRICT_PROTOTYPES = YES;
				CLANG_WARN_SUSPICIOUS_MOVE = YES;
				CLANG_WARN_UNGUARDED_AVAILABILITY = YES_AGGRESSIVE;
				CLANG_WARN_UNREACHABLE_CODE = YES;
				CLANG_WARN__DUPLICATE_METHOD_MATCH = YES;
				COPY_PHASE_STRIP = NO;
				DEBUG_INFORMATION_FORMAT = dwarf;
				ENABLE_STRICT_OBJC_MSGSEND = YES;
				ENABLE_TESTABILITY = YES;
				GCC_C_LANGUAGE_STANDARD = gnu11;
				GCC_DYNAMIC_NO_PIC = NO;
				GCC_NO_COMMON_BLOCKS = YES;
				GCC_OPTIMIZATION_LEVEL = 0;
				GCC_PREPROCESSOR_DEFINITIONS = (
					"DEBUG=1",
					"$(inherited)",
				);
				GCC_WARN_64_TO_32_BIT_CONVERSION = YES;
				GCC_WARN_ABOUT_RETURN_TYPE = YES_ERROR;
				GCC_WARN_UNDECLARED_SELECTOR = YES;
				GCC_WARN_UNINITIALIZED_AUTOS = YES_AGGRESSIVE;
				GCC_WARN_UNUSED_FUNCTION = YES;
				GCC_WARN_UNUSED_VARIABLE = YES;
				IPHONEOS_DEPLOYMENT_TARGET = 14.4;
				MTL_ENABLE_DEBUG_INFO = INCLUDE_SOURCE;
				MTL_FAST_MATH = YES;
				ONLY_ACTIVE_ARCH = YES;
				SDKROOT = iphoneos;
				SWIFT_ACTIVE_COMPILATION_CONDITIONS = DEBUG;
				SWIFT_OPTIMIZATION_LEVEL = "-Onone";
			};
			name = Debug;
		};
		2F751E57262CCD4900F937C7 /* Release */ = {
			isa = XCBuildConfiguration;
			buildSettings = {
				ALWAYS_SEARCH_USER_PATHS = NO;
				CLANG_ANALYZER_NONNULL = YES;
				CLANG_ANALYZER_NUMBER_OBJECT_CONVERSION = YES_AGGRESSIVE;
				CLANG_CXX_LANGUAGE_STANDARD = "gnu++14";
				CLANG_CXX_LIBRARY = "libc++";
				CLANG_ENABLE_MODULES = YES;
				CLANG_ENABLE_OBJC_ARC = YES;
				CLANG_ENABLE_OBJC_WEAK = YES;
				CLANG_WARN_BLOCK_CAPTURE_AUTORELEASING = YES;
				CLANG_WARN_BOOL_CONVERSION = YES;
				CLANG_WARN_COMMA = YES;
				CLANG_WARN_CONSTANT_CONVERSION = YES;
				CLANG_WARN_DEPRECATED_OBJC_IMPLEMENTATIONS = YES;
				CLANG_WARN_DIRECT_OBJC_ISA_USAGE = YES_ERROR;
				CLANG_WARN_DOCUMENTATION_COMMENTS = YES;
				CLANG_WARN_EMPTY_BODY = YES;
				CLANG_WARN_ENUM_CONVERSION = YES;
				CLANG_WARN_INFINITE_RECURSION = YES;
				CLANG_WARN_INT_CONVERSION = YES;
				CLANG_WARN_NON_LITERAL_NULL_CONVERSION = YES;
				CLANG_WARN_OBJC_IMPLICIT_RETAIN_SELF = YES;
				CLANG_WARN_OBJC_LITERAL_CONVERSION = YES;
				CLANG_WARN_OBJC_ROOT_CLASS = YES_ERROR;
				CLANG_WARN_QUOTED_INCLUDE_IN_FRAMEWORK_HEADER = YES;
				CLANG_WARN_RANGE_LOOP_ANALYSIS = YES;
				CLANG_WARN_STRICT_PROTOTYPES = YES;
				CLANG_WARN_SUSPICIOUS_MOVE = YES;
				CLANG_WARN_UNGUARDED_AVAILABILITY = YES_AGGRESSIVE;
				CLANG_WARN_UNREACHABLE_CODE = YES;
				CLANG_WARN__DUPLICATE_METHOD_MATCH = YES;
				COPY_PHASE_STRIP = NO;
				DEBUG_INFORMATION_FORMAT = "dwarf-with-dsym";
				ENABLE_NS_ASSERTIONS = NO;
				ENABLE_STRICT_OBJC_MSGSEND = YES;
				GCC_C_LANGUAGE_STANDARD = gnu11;
				GCC_NO_COMMON_BLOCKS = YES;
				GCC_WARN_64_TO_32_BIT_CONVERSION = YES;
				GCC_WARN_ABOUT_RETURN_TYPE = YES_ERROR;
				GCC_WARN_UNDECLARED_SELECTOR = YES;
				GCC_WARN_UNINITIALIZED_AUTOS = YES_AGGRESSIVE;
				GCC_WARN_UNUSED_FUNCTION = YES;
				GCC_WARN_UNUSED_VARIABLE = YES;
				IPHONEOS_DEPLOYMENT_TARGET = 14.4;
				MTL_ENABLE_DEBUG_INFO = NO;
				MTL_FAST_MATH = YES;
				SDKROOT = iphoneos;
				SWIFT_COMPILATION_MODE = wholemodule;
				SWIFT_OPTIMIZATION_LEVEL = "-O";
				VALIDATE_PRODUCT = YES;
			};
			name = Release;
		};
		2F751E59262CCD4900F937C7 /* Debug */ = {
			isa = XCBuildConfiguration;
			baseConfigurationReference = 326A06615A4C24666B6FCA6D /* Pods-WordGuessingGame.debug.xcconfig */;
			buildSettings = {
				ASSETCATALOG_COMPILER_APPICON_NAME = AppIcon;
				ASSETCATALOG_COMPILER_GLOBAL_ACCENT_COLOR_NAME = AccentColor;
				CODE_SIGN_STYLE = Automatic;
				INFOPLIST_FILE = WordGuessingGame/Info.plist;
				LD_RUNPATH_SEARCH_PATHS = (
					"$(inherited)",
					"@executable_path/Frameworks",
				);
				PRODUCT_BUNDLE_IDENTIFIER = edu.northeastern.sahanaks.WordGuessingGame;
				PRODUCT_NAME = "$(TARGET_NAME)";
				SWIFT_VERSION = 5.0;
				TARGETED_DEVICE_FAMILY = "1,2";
			};
			name = Debug;
		};
		2F751E5A262CCD4900F937C7 /* Release */ = {
			isa = XCBuildConfiguration;
			baseConfigurationReference = D4788AE55A7A85318F7C8D56 /* Pods-WordGuessingGame.release.xcconfig */;
			buildSettings = {
				ASSETCATALOG_COMPILER_APPICON_NAME = AppIcon;
				ASSETCATALOG_COMPILER_GLOBAL_ACCENT_COLOR_NAME = AccentColor;
				CODE_SIGN_STYLE = Automatic;
				INFOPLIST_FILE = WordGuessingGame/Info.plist;
				LD_RUNPATH_SEARCH_PATHS = (
					"$(inherited)",
					"@executable_path/Frameworks",
				);
				PRODUCT_BUNDLE_IDENTIFIER = edu.northeastern.sahanaks.WordGuessingGame;
				PRODUCT_NAME = "$(TARGET_NAME)";
				SWIFT_VERSION = 5.0;
				TARGETED_DEVICE_FAMILY = "1,2";
			};
			name = Release;
		};
/* End XCBuildConfiguration section */

/* Begin XCConfigurationList section */
		2F751E3F262CCD4800F937C7 /* Build configuration list for PBXProject "WordGuessingGame" */ = {
			isa = XCConfigurationList;
			buildConfigurations = (
				2F751E56262CCD4900F937C7 /* Debug */,
				2F751E57262CCD4900F937C7 /* Release */,
			);
			defaultConfigurationIsVisible = 0;
			defaultConfigurationName = Release;
		};
		2F751E58262CCD4900F937C7 /* Build configuration list for PBXNativeTarget "WordGuessingGame" */ = {
			isa = XCConfigurationList;
			buildConfigurations = (
				2F751E59262CCD4900F937C7 /* Debug */,
				2F751E5A262CCD4900F937C7 /* Release */,
			);
			defaultConfigurationIsVisible = 0;
			defaultConfigurationName = Release;
		};
/* End XCConfigurationList section */
	};
	rootObject = 2F751E3C262CCD4800F937C7 /* Project object */;
}
